PODS:
  - ActionSheetPicker-3.0 (2.2.0)
  - MJExtension (3.0.13)
  - SDWebImage (3.7.6):
    - SDWebImage/Core (= 3.7.6)
  - SDWebImage/Core (3.7.6)

DEPENDENCIES:
  - ActionSheetPicker-3.0 (~> 2.2.0)
  - MJExtension
  - SDWebImage (~> 3.7.3)

SPEC CHECKSUMS:
  ActionSheetPicker-3.0: d11a4c12c6aaf704b8a3f56d179198c99f3e41e6
  MJExtension: 5932755f451458eefa24239358817f8d291240c7
  SDWebImage: c325cf02c30337336b95beff20a13df489ec0ec9

PODFILE CHECKSUM: dad9501d6018cea084fc6eb3dcdc12a40f98b241

COCOAPODS: 1.2.0.beta.1
